<?xml version="1.0" encoding="utf-8"?>
<Project ToolsVersion="4.0" xmlns="http://schemas.microsoft.com/developer/msbuild/2003">
  <ItemGroup>
    <Filter Include="Source Files">
      <UniqueIdentifier>{4FC737F1-C7A5-4376-A066-2A32D752A2FF}</UniqueIdentifier>
      <Extensions>cpp;c;cc;cxx;def;odl;idl;hpj;bat;asm;asmx</Extensions>
    </Filter>
    <Filter Include="Header Files">
      <UniqueIdentifier>{93995380-89BD-4b04-88EB-625FBE52EBFB}</UniqueIdentifier>
      <Extensions>h;hpp;hxx;hm;inl;inc;xsd</Extensions>
    </Filter>
    <Filter Include="Resource Files">
      <UniqueIdentifier>{67DA6AB6-F800-4c08-8B7A-83BB121AAD01}</UniqueIdentifier>
      <Extensions>rc;ico;cur;bmp;dlg;rc2;rct;bin;rgs;gif;jpg;jpeg;jpe;resx;tiff;tif;png;wav;mfcribbon-ms</Extensions>
    </Filter>
    <Filter Include="Source Files\Level Design">
      <UniqueIdentifier>{89be983c-508e-4cf4-810d-53c60282ae87}</UniqueIdentifier>
    </Filter>
    <Filter Include="Header Files\Game Core">
      <UniqueIdentifier>{1cbcd426-636a-4306-8cae-d883f47f281a}</UniqueIdentifier>
    </Filter>
    <Filter Include="Source Files\Game States">
      <UniqueIdentifier>{aec0e6cb-914b-4917-9bd4-fce5c94727aa}</UniqueIdentifier>
    </Filter>
    <Filter Include="Header Files\Game States">
      <UniqueIdentifier>{2b430e3d-0d2f-4753-a77b-17925e69df3c}</UniqueIdentifier>
    </Filter>
    <Filter Include="Source Files\Graphics">
      <UniqueIdentifier>{318be1a8-f324-470a-b915-9c68b64915f6}</UniqueIdentifier>
    </Filter>
    <Filter Include="Header Files\Graphics">
      <UniqueIdentifier>{d1254789-76f5-4610-afae-624e62401de8}</UniqueIdentifier>
    </Filter>
    <Filter Include="Source Files\Weapons">
      <UniqueIdentifier>{2a257c92-486d-4fc3-8470-24de9b846784}</UniqueIdentifier>
    </Filter>
    <Filter Include="Header Files\Weapons">
      <UniqueIdentifier>{6771ffa1-eada-43f0-b4c8-a59be04fca7b}</UniqueIdentifier>
    </Filter>
    <Filter Include="Source Files\AI">
      <UniqueIdentifier>{fbc464f8-9058-471a-a856-87b0ac94a242}</UniqueIdentifier>
    </Filter>
    <Filter Include="Header Files\AI">
      <UniqueIdentifier>{d2f527fe-6e04-4554-b47b-57093ce65521}</UniqueIdentifier>
    </Filter>
    <Filter Include="Header Files\Input">
      <UniqueIdentifier>{ffbcbbc9-cab5-427b-b7d2-98fe4dcde9de}</UniqueIdentifier>
    </Filter>
    <Filter Include="Source Files\Input">
      <UniqueIdentifier>{a2fed22b-84eb-48b0-8137-92799dce802f}</UniqueIdentifier>
    </Filter>
    <Filter Include="Header Files\Level Design">
      <UniqueIdentifier>{2378c23d-b2fe-445d-888d-3da70165f3fb}</UniqueIdentifier>
    </Filter>
    <Filter Include="Source Files\Game Physics">
      <UniqueIdentifier>{2fb24f2d-dff7-4bc3-87f5-ea3a4ac28b15}</UniqueIdentifier>
    </Filter>
    <Filter Include="Header Files\Game Physics">
      <UniqueIdentifier>{30242d66-1334-48ec-b79c-93090231b9d8}</UniqueIdentifier>
    </Filter>
    <Filter Include="Source Files\Game Core">
      <UniqueIdentifier>{ba2ab8f5-ccc2-4c34-bc3a-d0b90af1331d}</UniqueIdentifier>
    </Filter>
    <Filter Include="Header Files\System">
      <UniqueIdentifier>{855ce3bb-62d9-40e0-b9a9-85a06026bf0c}</UniqueIdentifier>
    </Filter>
    <Filter Include="Source Files\System">
      <UniqueIdentifier>{2b62b77f-74f0-4e6a-b9c1-17d94d20a0bf}</UniqueIdentifier>
    </Filter>
    <Filter Include="Source Files\Graphics\Fonts">
      <UniqueIdentifier>{bc3ca2c2-f804-4df8-8ecd-48b6f84e4ab1}</UniqueIdentifier>
    </Filter>
    <Filter Include="Header Files\Graphics\Font">
      <UniqueIdentifier>{5fbd43d6-fb0c-4c98-adbf-bd8f0829055b}</UniqueIdentifier>
    </Filter>
    <Filter Include="Resource Files\Input System">
      <UniqueIdentifier>{503671e6-0561-4199-9365-8c23ddf96463}</UniqueIdentifier>
    </Filter>
    <Filter Include="Resource Files\UI">
      <UniqueIdentifier>{579c1e31-f90f-458b-8851-2c630153f8c2}</UniqueIdentifier>
    </Filter>
    <Filter Include="Resource Files\LevelOneJapan">
      <UniqueIdentifier>{5e7dfdef-b86f-48b0-b297-ad9cdd1dcdb0}</UniqueIdentifier>
    </Filter>
    <Filter Include="Resource Files\LevelOneJapan\Zone1">
      <UniqueIdentifier>{ea6a8e68-1bf6-4386-9888-e85db34de87f}</UniqueIdentifier>
    </Filter>
    <Filter Include="Resource Files\Players">
      <UniqueIdentifier>{927bd692-a5e9-45d4-99f5-804d4fdb6d02}</UniqueIdentifier>
    </Filter>
    <Filter Include="Resource Files\Main Menu">
      <UniqueIdentifier>{27e1eabb-3063-4e35-bfe6-1e3ad4d7c020}</UniqueIdentifier>
    </Filter>
    <Filter Include="Source Files\Game States\Levels">
      <UniqueIdentifier>{9c650fc0-4bdc-4544-bb48-bed34161c119}</UniqueIdentifier>
    </Filter>
    <Filter Include="Source Files\Game States\Menus">
      <UniqueIdentifier>{be375521-2709-4e73-99ff-6ed7a2fe2886}</UniqueIdentifier>
    </Filter>
    <Filter Include="Header Files\Game States\Menus">
      <UniqueIdentifier>{de83d952-3bc8-4990-8a01-2cb68a390a73}</UniqueIdentifier>
    </Filter>
    <Filter Include="Header Files\Game States\Levels">
      <UniqueIdentifier>{4d02fece-53e4-4673-90a6-b73b76735404}</UniqueIdentifier>
    </Filter>
    <Filter Include="Resource Files\Main Menu\Imagesets">
      <UniqueIdentifier>{bf79511d-b0bb-427e-8787-99b41be3ddfc}</UniqueIdentifier>
    </Filter>
    <Filter Include="Resource Files\Main Menu\Layout">
      <UniqueIdentifier>{f87a4f0d-2f7d-4d94-b6c0-418866c4771e}</UniqueIdentifier>
    </Filter>
    <Filter Include="Resource Files\Main Menu\Imagesets\Images">
      <UniqueIdentifier>{dc4fb80c-98ef-4bbb-92c2-70bc8b4c71a2}</UniqueIdentifier>
    </Filter>
    <Filter Include="Resource Files\Intro">
      <UniqueIdentifier>{625dfe93-cdee-4f51-9f62-291ae2e7b966}</UniqueIdentifier>
    </Filter>
    <Filter Include="Source Files\Game Physics\Collisions">
      <UniqueIdentifier>{3d373aa9-77a9-4be1-a464-6aac57a0007c}</UniqueIdentifier>
    </Filter>
    <Filter Include="Header Files\Game Physics\Collisions">
      <UniqueIdentifier>{763fff60-7751-4f8f-aa26-d30a21cbf53d}</UniqueIdentifier>
    </Filter>
    <Filter Include="Header Files\Game Physics\Physics Modes">
      <UniqueIdentifier>{1728db0d-b4b3-42ab-80ed-dc32446f52df}</UniqueIdentifier>
    </Filter>
    <Filter Include="Source Files\Game Physics\Physics Modes">
      <UniqueIdentifier>{99a1e128-3efb-4054-b76c-36201f86166a}</UniqueIdentifier>
    </Filter>
    <Filter Include="Header Files\Characters">
      <UniqueIdentifier>{87d81ced-86e8-4cea-a1d5-91b58c34e0e0}</UniqueIdentifier>
    </Filter>
    <Filter Include="Header Files\Characters\Players">
      <UniqueIdentifier>{a42d2b20-41c7-446c-b612-d7b84bf8cfb8}</UniqueIdentifier>
    </Filter>
    <Filter Include="Header Files\Characters\Players\States">
      <UniqueIdentifier>{bf076467-bea2-40e9-a8dd-99692646036c}</UniqueIdentifier>
    </Filter>
    <Filter Include="Header Files\Characters\Enemies">
      <UniqueIdentifier>{50334c97-5523-4392-be9b-5a8da177c1fd}</UniqueIdentifier>
    </Filter>
    <Filter Include="Source Files\Characters">
      <UniqueIdentifier>{7c649521-4258-438d-849b-5f457195597d}</UniqueIdentifier>
    </Filter>
    <Filter Include="Source Files\Characters\Player">
      <UniqueIdentifier>{a712db92-c0a4-4c2e-9ca7-138e20bf40b6}</UniqueIdentifier>
    </Filter>
    <Filter Include="Source Files\Characters\Player\States">
      <UniqueIdentifier>{dbc3b777-87f8-4ddd-90d2-0ef4d8e68294}</UniqueIdentifier>
    </Filter>
    <Filter Include="Source Files\Characters\Enemies">
      <UniqueIdentifier>{b35e103c-528f-4634-b9dd-aceadb1ca085}</UniqueIdentifier>
    </Filter>
  </ItemGroup>
  <ItemGroup>
    <ClCompile Include="main.cpp">
      <Filter>Source Files</Filter>
    </ClCompile>
    <ClCompile Include="Level.cpp">
      <Filter>Source Files\Level Design</Filter>
    </ClCompile>
    <ClCompile Include="Tileset.cpp">
      <Filter>Source Files\Level Design</Filter>
    </ClCompile>
    <ClCompile Include="GameConfiguration.cpp">
      <Filter>Source Files\Game Core</Filter>
    </ClCompile>
    <ClCompile Include="GameCore.cpp">
      <Filter>Source Files\Game Core</Filter>
    </ClCompile>
    <ClCompile Include="GameSaves.cpp">
      <Filter>Source Files\Game Core</Filter>
    </ClCompile>
    <ClCompile Include="GameScreen.cpp">
      <Filter>Source Files\Game Core</Filter>
    </ClCompile>
    <ClCompile Include="GameTimer.cpp">
      <Filter>Source Files\Game Core</Filter>
    </ClCompile>
    <ClCompile Include="GameState.cpp">
      <Filter>Source Files\Game States</Filter>
    </ClCompile>
    <ClCompile Include="MeerkatP2.cpp">
      <Filter>Source Files\Characters\Player</Filter>
    </ClCompile>
    <ClCompile Include="Player.cpp">
      <Filter>Source Files\Characters\Player</Filter>
    </ClCompile>
    <ClCompile Include="PandaP1.cpp">
      <Filter>Source Files\Characters\Player</Filter>
    </ClCompile>
    <ClCompile Include="Stats.cpp">
      <Filter>Source Files\Characters\Player</Filter>
    </ClCompile>
    <ClCompile Include="Weapon.cpp">
      <Filter>Source Files\Weapons</Filter>
    </ClCompile>
    <ClCompile Include="Spear.cpp">
      <Filter>Source Files\Weapons</Filter>
    </ClCompile>
    <ClCompile Include="Sword.cpp">
      <Filter>Source Files\Weapons</Filter>
    </ClCompile>
    <ClCompile Include="JapaneseMonkey.cpp">
      <Filter>Source Files\Characters\Enemies</Filter>
    </ClCompile>
    <ClCompile Include="Enemy.cpp">
      <Filter>Source Files\Characters\Enemies</Filter>
    </ClCompile>
    <ClCompile Include="AI.cpp">
      <Filter>Source Files\AI</Filter>
    </ClCompile>
    <ClCompile Include="Layer.cpp">
      <Filter>Source Files\Level Design</Filter>
    </ClCompile>
    <ClCompile Include="Tilemap.cpp">
      <Filter>Source Files\Level Design</Filter>
    </ClCompile>
    <ClCompile Include="GameSound.cpp">
      <Filter>Source Files\Game Core</Filter>
    </ClCompile>
    <ClCompile Include="GameRender.cpp">
      <Filter>Source Files\Graphics</Filter>
    </ClCompile>
    <ClCompile Include="GameStateManager.cpp">
      <Filter>Source Files\Game States</Filter>
    </ClCompile>
    <ClCompile Include="GameInput.cpp">
      <Filter>Source Files\Input</Filter>
    </ClCompile>
    <ClCompile Include="Animation.cpp">
      <Filter>Source Files\Graphics</Filter>
    </ClCompile>
    <ClCompile Include="Tile.cpp">
      <Filter>Source Files\Level Design</Filter>
    </ClCompile>
    <ClCompile Include="GameInputMapper.cpp">
      <Filter>Source Files\Input</Filter>
    </ClCompile>
    <ClCompile Include="GameInputContext.cpp">
      <Filter>Source Files\Input</Filter>
    </ClCompile>
    <ClCompile Include="PlayerState.cpp">
      <Filter>Source Files\Characters\Player\States</Filter>
    </ClCompile>
    <ClCompile Include="PlayerStateManager.cpp">
      <Filter>Source Files\Characters\Player\States</Filter>
    </ClCompile>
    <ClCompile Include="StillState.cpp">
      <Filter>Source Files\Characters\Player\States</Filter>
    </ClCompile>
    <ClCompile Include="WalkingState.cpp">
      <Filter>Source Files\Characters\Player\States</Filter>
    </ClCompile>
    <ClCompile Include="RunningState.cpp">
      <Filter>Source Files\Characters\Player\States</Filter>
    </ClCompile>
    <ClCompile Include="State.cpp">
      <Filter>Source Files\Characters\Player\States</Filter>
    </ClCompile>
    <ClCompile Include="JumpingState.cpp">
      <Filter>Source Files\Characters\Player\States</Filter>
    </ClCompile>
    <ClCompile Include="DoubleJumpState.cpp">
      <Filter>Source Files\Characters\Player\States</Filter>
    </ClCompile>
    <ClCompile Include="ComparatorFunctions.cpp">
      <Filter>Source Files\System</Filter>
    </ClCompile>
    <ClCompile Include="GameImage.cpp">
      <Filter>Source Files\Graphics</Filter>
    </ClCompile>
    <ClCompile Include="Camera.cpp">
      <Filter>Source Files\Graphics</Filter>
    </ClCompile>
    <ClCompile Include="GameFont.cpp">
      <Filter>Source Files\Graphics\Fonts</Filter>
    </ClCompile>
    <ClCompile Include="GameText.cpp">
      <Filter>Source Files\Graphics\Fonts</Filter>
    </ClCompile>
    <ClCompile Include="PlayerScore.cpp">
      <Filter>Source Files\Characters\Player</Filter>
    </ClCompile>
    <ClCompile Include="FastAttackState.cpp">
      <Filter>Source Files\Characters\Player\States</Filter>
    </ClCompile>
    <ClCompile Include="SLevelOneJapan.cpp">
      <Filter>Source Files\Game States\Levels</Filter>
    </ClCompile>
    <ClCompile Include="SLevelTutorial.cpp">
      <Filter>Source Files\Game States\Levels</Filter>
    </ClCompile>
    <ClCompile Include="SIntro.cpp">
      <Filter>Source Files\Game States\Menus</Filter>
    </ClCompile>
    <ClCompile Include="SMainMenu.cpp">
      <Filter>Source Files\Game States\Menus</Filter>
    </ClCompile>
    <ClCompile Include="CollisionBox.cpp">
      <Filter>Source Files\Game Physics\Collisions</Filter>
    </ClCompile>
    <ClCompile Include="Collider.cpp">
      <Filter>Source Files\Game Physics\Collisions</Filter>
    </ClCompile>
    <ClCompile Include="MathFunctions.cpp">
      <Filter>Source Files\System</Filter>
    </ClCompile>
    <ClCompile Include="PathNode.cpp">
      <Filter>Source Files\AI</Filter>
    </ClCompile>
    <ClCompile Include="Pathfinding.cpp">
      <Filter>Source Files\AI</Filter>
    </ClCompile>
    <ClCompile Include="LevelGraph.cpp">
      <Filter>Source Files\AI</Filter>
    </ClCompile>
    <ClCompile Include="HeapCompare.cpp">
      <Filter>Source Files\AI</Filter>
    </ClCompile>
    <ClCompile Include="FallingState.cpp">
      <Filter>Source Files\Characters\Player\States</Filter>
    </ClCompile>
    <ClCompile Include="CollisionStructs.cpp">
      <Filter>Source Files\Game Physics\Collisions</Filter>
    </ClCompile>
    <ClCompile Include="RigidBody.cpp">
      <Filter>Source Files\Game Physics\Physics Modes</Filter>
    </ClCompile>
    <ClCompile Include="PhysicsCore.cpp">
      <Filter>Source Files\Game Physics\Physics Modes</Filter>
    </ClCompile>
    <ClCompile Include="StoppingState.cpp">
      <Filter>Source Files\Characters\Player\States</Filter>
    </ClCompile>
    <ClCompile Include="SPlayerSelection.cpp">
      <Filter>Source Files\Game States\Menus</Filter>
    </ClCompile>
    <ClCompile Include="Character.cpp">
      <Filter>Source Files\Characters</Filter>
    </ClCompile>
    <ClCompile Include="Sprite.cpp">
      <Filter>Source Files\Characters</Filter>
    </ClCompile>
  </ItemGroup>
  <ItemGroup>
    <ClInclude Include="Level.h">
      <Filter>Header Files\Level Design</Filter>
    </ClInclude>
    <ClInclude Include="Tileset.h">
      <Filter>Header Files\Level Design</Filter>
    </ClInclude>
    <ClInclude Include="GameConfiguration.h">
      <Filter>Header Files\Game Core</Filter>
    </ClInclude>
    <ClInclude Include="GameCore.h">
      <Filter>Header Files\Game Core</Filter>
    </ClInclude>
    <ClInclude Include="GameSaves.h">
      <Filter>Header Files\Game Core</Filter>
    </ClInclude>
    <ClInclude Include="GameScreen.h">
      <Filter>Header Files\Game Core</Filter>
    </ClInclude>
    <ClInclude Include="GameTimer.h">
      <Filter>Header Files\Game Core</Filter>
    </ClInclude>
    <ClInclude Include="GameState.h">
      <Filter>Header Files\Game States</Filter>
    </ClInclude>
    <ClInclude Include="MeerkatP2.h">
      <Filter>Header Files\Characters\Players</Filter>
    </ClInclude>
    <ClInclude Include="Player.h">
      <Filter>Header Files\Characters\Players</Filter>
    </ClInclude>
    <ClInclude Include="PandaP1.h">
      <Filter>Header Files\Characters\Players</Filter>
    </ClInclude>
    <ClInclude Include="Stats.h">
      <Filter>Header Files\Characters\Players</Filter>
    </ClInclude>
    <ClInclude Include="Weapon.h">
      <Filter>Header Files\Weapons</Filter>
    </ClInclude>
    <ClInclude Include="Spear.h">
      <Filter>Header Files\Weapons</Filter>
    </ClInclude>
    <ClInclude Include="Sword.h">
      <Filter>Header Files\Weapons</Filter>
    </ClInclude>
    <ClInclude Include="Enemy.h">
      <Filter>Header Files\Characters\Enemies</Filter>
    </ClInclude>
    <ClInclude Include="JapaneseMonkey.h">
      <Filter>Header Files\Characters\Enemies</Filter>
    </ClInclude>
    <ClInclude Include="AI.h">
      <Filter>Header Files\AI</Filter>
    </ClInclude>
    <ClInclude Include="Layer.h">
      <Filter>Header Files\Level Design</Filter>
    </ClInclude>
    <ClInclude Include="GameSound.h">
      <Filter>Header Files\Game Core</Filter>
    </ClInclude>
    <ClInclude Include="GameStateManager.h">
      <Filter>Header Files\Game States</Filter>
    </ClInclude>
    <ClInclude Include="GameInput.h">
      <Filter>Header Files\Input</Filter>
    </ClInclude>
    <ClInclude Include="Animation.h">
      <Filter>Header Files\Graphics</Filter>
    </ClInclude>
    <ClInclude Include="GameRender.h">
      <Filter>Header Files\Graphics</Filter>
    </ClInclude>
    <ClInclude Include="Tile.h">
      <Filter>Header Files\Level Design</Filter>
    </ClInclude>
    <ClInclude Include="Tilemap.h">
      <Filter>Header Files\Level Design</Filter>
    </ClInclude>
    <ClInclude Include="File.h">
      <Filter>Header Files\System</Filter>
    </ClInclude>
    <ClInclude Include="GameInputContext.h">
      <Filter>Header Files\Input</Filter>
    </ClInclude>
    <ClInclude Include="GameInputMapper.h">
      <Filter>Header Files\Input</Filter>
    </ClInclude>
    <ClInclude Include="RawInputConstants.h">
      <Filter>Header Files\Input</Filter>
    </ClInclude>
    <ClInclude Include="Vector.h">
      <Filter>Header Files\System</Filter>
    </ClInclude>
    <ClInclude Include="PlayerSpriteStates.h">
      <Filter>Header Files\Characters\Players</Filter>
    </ClInclude>
    <ClInclude Include="PlayerState.h">
      <Filter>Header Files\Characters\Players\States</Filter>
    </ClInclude>
    <ClInclude Include="WalkingState.h">
      <Filter>Header Files\Characters\Players\States</Filter>
    </ClInclude>
    <ClInclude Include="PlayerStateManager.h">
      <Filter>Header Files\Characters\Players\States</Filter>
    </ClInclude>
    <ClInclude Include="RunningState.h">
      <Filter>Header Files\Characters\Players\States</Filter>
    </ClInclude>
    <ClInclude Include="State.h">
      <Filter>Header Files\Characters\Players\States</Filter>
    </ClInclude>
    <ClInclude Include="StillState.h">
      <Filter>Header Files\Characters\Players\States</Filter>
    </ClInclude>
    <ClInclude Include="DoubleJumpState.h">
      <Filter>Header Files\Characters\Players\States</Filter>
    </ClInclude>
    <ClInclude Include="JumpingState.h">
      <Filter>Header Files\Characters\Players\States</Filter>
    </ClInclude>
    <ClInclude Include="ComparatorFunctions.h">
      <Filter>Header Files\System</Filter>
    </ClInclude>
    <ClInclude Include="GameImage.h">
      <Filter>Header Files\Graphics</Filter>
    </ClInclude>
    <ClInclude Include="Camera.h">
      <Filter>Header Files\Graphics</Filter>
    </ClInclude>
    <ClInclude Include="StringParser.h">
      <Filter>Header Files\System</Filter>
    </ClInclude>
    <ClInclude Include="GameFont.h">
      <Filter>Header Files\Graphics\Font</Filter>
    </ClInclude>
    <ClInclude Include="GameText.h">
      <Filter>Header Files\Graphics\Font</Filter>
    </ClInclude>
    <ClInclude Include="PlayerScore.h">
      <Filter>Header Files\Characters\Players</Filter>
    </ClInclude>
    <ClInclude Include="FastAttackState.h">
      <Filter>Header Files\Characters\Players\States</Filter>
    </ClInclude>
    <ClInclude Include="SIntro.h">
      <Filter>Header Files\Game States\Menus</Filter>
    </ClInclude>
    <ClInclude Include="SMainMenu.h">
      <Filter>Header Files\Game States\Menus</Filter>
    </ClInclude>
    <ClInclude Include="SLevelOneJapan.h">
      <Filter>Header Files\Game States\Levels</Filter>
    </ClInclude>
    <ClInclude Include="SLevelTutorial.h">
      <Filter>Header Files\Game States\Levels</Filter>
    </ClInclude>
    <ClInclude Include="CollisionBox.h">
      <Filter>Header Files\Game Physics\Collisions</Filter>
    </ClInclude>
    <ClInclude Include="Collider.h">
      <Filter>Header Files\Game Physics\Collisions</Filter>
    </ClInclude>
    <ClInclude Include="MathFunctions.h">
      <Filter>Header Files\System</Filter>
    </ClInclude>
    <ClInclude Include="PathNode.h">
      <Filter>Header Files\AI</Filter>
    </ClInclude>
    <ClInclude Include="HeapCompare.h">
      <Filter>Header Files\AI</Filter>
    </ClInclude>
    <ClInclude Include="LevelGraph.h">
      <Filter>Header Files\AI</Filter>
    </ClInclude>
    <ClInclude Include="Pathfinding.h">
      <Filter>Header Files\AI</Filter>
    </ClInclude>
    <ClInclude Include="FallingState.h">
      <Filter>Header Files\Characters\Players\States</Filter>
    </ClInclude>
    <ClInclude Include="CollisionStructs.h">
      <Filter>Header Files\Game Physics\Collisions</Filter>
    </ClInclude>
    <ClInclude Include="PhysicsCore.h">
      <Filter>Header Files\Game Physics\Physics Modes</Filter>
    </ClInclude>
    <ClInclude Include="RigidBody.h">
      <Filter>Header Files\Game Physics\Physics Modes</Filter>
    </ClInclude>
    <ClInclude Include="PhysicModes.h">
      <Filter>Header Files\Game Physics\Physics Modes</Filter>
    </ClInclude>
    <ClInclude Include="StoppingState.h">
      <Filter>Header Files\Characters\Players\States</Filter>
    </ClInclude>
    <ClInclude Include="SPlayerSelection.h">
      <Filter>Header Files\Game States\Menus</Filter>
    </ClInclude>
    <ClInclude Include="MenuData.h">
      <Filter>Header Files\Game States\Menus</Filter>
    </ClInclude>
    <ClInclude Include="MenuStructs.h">
      <Filter>Header Files\Game States\Menus</Filter>
    </ClInclude>
    <ClInclude Include="Character.h">
      <Filter>Header Files\Characters</Filter>
    </ClInclude>
    <ClInclude Include="SpriteDataConstants.h">
      <Filter>Header Files\Characters</Filter>
    </ClInclude>
    <ClInclude Include="Sprite.h">
      <Filter>Header Files\Characters</Filter>
    </ClInclude>
  </ItemGroup>
  <ItemGroup>
    <None Include="MainContext.txt">
      <Filter>Resource Files\Input System</Filter>
    </None>
    <None Include="ContextList.txt">
      <Filter>Resource Files\Input System</Filter>
    </None>
    <None Include="healthBar.png">
      <Filter>Resource Files\UI</Filter>
    </None>
    <None Include="orbitron-black.ttf">
      <Filter>Resource Files\UI</Filter>
    </None>
    <None Include="LevelOneTileMap.tmx">
      <Filter>Resource Files\LevelOneJapan\Zone1</Filter>
    </None>
    <None Include="Meerkat - SpriteSheet.png">
      <Filter>Resource Files\Players</Filter>
    </None>
    <None Include="Panda - SpriteSheet.png">
      <Filter>Resource Files\Players</Filter>
    </None>
    <None Include="Clouds.png">
      <Filter>Resource Files\LevelOneJapan\Zone1</Filter>
    </None>
    <None Include="Mountains0.png">
      <Filter>Resource Files\LevelOneJapan\Zone1</Filter>
    </None>
    <None Include="Tileset.png">
      <Filter>Resource Files\LevelOneJapan\Zone1</Filter>
    </None>
    <None Include="Mountains1.png">
      <Filter>Resource Files\LevelOneJapan\Zone1</Filter>
    </None>
    <None Include="SkyBackground.png">
      <Filter>Resource Files\LevelOneJapan\Zone1</Filter>
    </None>
    <None Include="datafiles\imagesets\CreditsButton.imageset">
      <Filter>Resource Files\Main Menu\Imagesets</Filter>
    </None>
    <None Include="datafiles\imagesets\HistoryModeButton.imageset">
      <Filter>Resource Files\Main Menu\Imagesets</Filter>
    </None>
    <None Include="datafiles\imagesets\MainMenuBackground.imageset">
      <Filter>Resource Files\Main Menu\Imagesets</Filter>
    </None>
    <None Include="datafiles\imagesets\MenuCursor.imageset">
      <Filter>Resource Files\Main Menu\Imagesets</Filter>
    </None>
    <None Include="datafiles\imagesets\QuitButton.imageset">
      <Filter>Resource Files\Main Menu\Imagesets</Filter>
    </None>
    <None Include="datafiles\imagesets\TutorialButton.imageset">
      <Filter>Resource Files\Main Menu\Imagesets</Filter>
    </None>
    <None Include="datafiles\layouts\MainMenu.layout">
      <Filter>Resource Files\Main Menu\Layout</Filter>
    </None>
    <None Include="MenuBackground.png">
      <Filter>Resource Files\Main Menu\Imagesets\Images</Filter>
    </None>
    <None Include="MenuCursor.png">
      <Filter>Resource Files\Main Menu\Imagesets\Images</Filter>
    </None>
    <None Include="MenuHighlighter.png">
      <Filter>Resource Files\Main Menu\Imagesets\Images</Filter>
    </None>
    <None Include="logoSamuraiReborn.png">
      <Filter>Resource Files\Intro</Filter>
    </None>
    <None Include="Enemy - SpriteSheet.png">
      <Filter>Resource Files</Filter>
    </None>
    <None Include="box.png">
      <Filter>Resource Files</Filter>
    </None>
    <None Include="datafiles\imagesets\CreditsOption.png">
      <Filter>Resource Files\Main Menu\Imagesets\Images</Filter>
    </None>
    <None Include="datafiles\imagesets\ExitOption.png">
      <Filter>Resource Files\Main Menu\Imagesets\Images</Filter>
    </None>
    <None Include="datafiles\imagesets\HistoryModeOption.png">
      <Filter>Resource Files\Main Menu\Imagesets\Images</Filter>
    </None>
    <None Include="datafiles\imagesets\TutorialOption.png">
      <Filter>Resource Files\Main Menu\Imagesets\Images</Filter>
    </None>
    <None Include="boxPanda.png">
      <Filter>Resource Files</Filter>
    </None>
    <None Include="LevelZeroSectionOneCollisionList.csv">
      <Filter>Resource Files\LevelOneJapan\Zone1</Filter>
    </None>
    <None Include="LevelZeroSectionOneWalkableList.csv">
      <Filter>Resource Files\LevelOneJapan\Zone1</Filter>
    </None>
  </ItemGroup>
</Project>