<?xml version="1.0" encoding="utf-8"?>
<Project ToolsVersion="4.0" xmlns="http://schemas.microsoft.com/developer/msbuild/2003">
  <ItemGroup>
    <Filter Include="Source Files">
      <UniqueIdentifier>{4FC737F1-C7A5-4376-A066-2A32D752A2FF}</UniqueIdentifier>
      <Extensions>cpp;c;cc;cxx;def;odl;idl;hpj;bat;asm;asmx</Extensions>
    </Filter>
    <Filter Include="Header Files">
      <UniqueIdentifier>{93995380-89BD-4b04-88EB-625FBE52EBFB}</UniqueIdentifier>
      <Extensions>h;hpp;hxx;hm;inl;inc;xsd</Extensions>
    </Filter>
    <Filter Include="Resource Files">
      <UniqueIdentifier>{67DA6AB6-F800-4c08-8B7A-83BB121AAD01}</UniqueIdentifier>
      <Extensions>rc;ico;cur;bmp;dlg;rc2;rct;bin;rgs;gif;jpg;jpeg;jpe;resx;tiff;tif;png;wav;mfcribbon-ms</Extensions>
    </Filter>
    <Filter Include="Source Files\Level Design">
      <UniqueIdentifier>{89be983c-508e-4cf4-810d-53c60282ae87}</UniqueIdentifier>
    </Filter>
    <Filter Include="Header Files\Level Design">
      <UniqueIdentifier>{2378c23d-b2fe-445d-888d-3da70165f3fb}</UniqueIdentifier>
    </Filter>
    <Filter Include="Header Files\Game Core">
      <UniqueIdentifier>{1cbcd426-636a-4306-8cae-d883f47f281a}</UniqueIdentifier>
    </Filter>
    <Filter Include="Source Files\Game Core">
      <UniqueIdentifier>{ba2ab8f5-ccc2-4c34-bc3a-d0b90af1331d}</UniqueIdentifier>
    </Filter>
    <Filter Include="Source Files\Game States">
      <UniqueIdentifier>{aec0e6cb-914b-4917-9bd4-fce5c94727aa}</UniqueIdentifier>
    </Filter>
    <Filter Include="Header Files\Game States">
      <UniqueIdentifier>{2b430e3d-0d2f-4753-a77b-17925e69df3c}</UniqueIdentifier>
    </Filter>
    <Filter Include="Source Files\Player">
      <UniqueIdentifier>{a712db92-c0a4-4c2e-9ca7-138e20bf40b6}</UniqueIdentifier>
    </Filter>
    <Filter Include="Header Files\Player">
      <UniqueIdentifier>{a42d2b20-41c7-446c-b612-d7b84bf8cfb8}</UniqueIdentifier>
    </Filter>
    <Filter Include="Header Files\Enemies">
      <UniqueIdentifier>{50334c97-5523-4392-be9b-5a8da177c1fd}</UniqueIdentifier>
    </Filter>
    <Filter Include="Source Files\Enemies">
      <UniqueIdentifier>{b35e103c-528f-4634-b9dd-aceadb1ca085}</UniqueIdentifier>
    </Filter>
    <Filter Include="Source Files\Graphics">
      <UniqueIdentifier>{318be1a8-f324-470a-b915-9c68b64915f6}</UniqueIdentifier>
    </Filter>
    <Filter Include="Header Files\Graphics">
      <UniqueIdentifier>{d1254789-76f5-4610-afae-624e62401de8}</UniqueIdentifier>
    </Filter>
    <Filter Include="Source Files\Weapons">
      <UniqueIdentifier>{2a257c92-486d-4fc3-8470-24de9b846784}</UniqueIdentifier>
    </Filter>
    <Filter Include="Header Files\Weapons">
      <UniqueIdentifier>{6771ffa1-eada-43f0-b4c8-a59be04fca7b}</UniqueIdentifier>
    </Filter>
    <Filter Include="Source Files\AI">
      <UniqueIdentifier>{fbc464f8-9058-471a-a856-87b0ac94a242}</UniqueIdentifier>
    </Filter>
    <Filter Include="Header Files\AI">
      <UniqueIdentifier>{d2f527fe-6e04-4554-b47b-57093ce65521}</UniqueIdentifier>
    </Filter>
  </ItemGroup>
  <ItemGroup>
    <ClCompile Include="main.cpp">
      <Filter>Source Files</Filter>
    </ClCompile>
    <ClCompile Include="Level.cpp">
      <Filter>Source Files\Level Design</Filter>
    </ClCompile>
    <ClCompile Include="Tileset.cpp">
      <Filter>Source Files\Level Design</Filter>
    </ClCompile>
    <ClCompile Include="CollisionObject.cpp">
      <Filter>Source Files\Level Design</Filter>
    </ClCompile>
    <ClCompile Include="GameConfiguration.cpp">
      <Filter>Source Files\Game Core</Filter>
    </ClCompile>
    <ClCompile Include="GameCore.cpp">
      <Filter>Source Files\Game Core</Filter>
    </ClCompile>
    <ClCompile Include="GameSaves.cpp">
      <Filter>Source Files\Game Core</Filter>
    </ClCompile>
    <ClCompile Include="GameScreen.cpp">
      <Filter>Source Files\Game Core</Filter>
    </ClCompile>
    <ClCompile Include="GameTimer.cpp">
      <Filter>Source Files\Game Core</Filter>
    </ClCompile>
    <ClCompile Include="Score.cpp">
      <Filter>Source Files\Game Core</Filter>
    </ClCompile>
    <ClCompile Include="GameState.cpp">
      <Filter>Source Files\Game States</Filter>
    </ClCompile>
    <ClCompile Include="SMainMenu.cpp">
      <Filter>Source Files\Game States</Filter>
    </ClCompile>
    <ClCompile Include="SLevelOneJapan.cpp">
      <Filter>Source Files\Game States</Filter>
    </ClCompile>
    <ClCompile Include="MeerkatP2.cpp">
      <Filter>Source Files\Player</Filter>
    </ClCompile>
    <ClCompile Include="Player.cpp">
      <Filter>Source Files\Player</Filter>
    </ClCompile>
    <ClCompile Include="PandaP1.cpp">
      <Filter>Source Files\Player</Filter>
    </ClCompile>
    <ClCompile Include="Stats.cpp">
      <Filter>Source Files\Player</Filter>
    </ClCompile>
    <ClCompile Include="Sprite.cpp">
      <Filter>Source Files\Graphics</Filter>
    </ClCompile>
    <ClCompile Include="Weapon.cpp">
      <Filter>Source Files\Weapons</Filter>
    </ClCompile>
    <ClCompile Include="Spear.cpp">
      <Filter>Source Files\Weapons</Filter>
    </ClCompile>
    <ClCompile Include="Sword.cpp">
      <Filter>Source Files\Weapons</Filter>
    </ClCompile>
    <ClCompile Include="JapaneseMonkey.cpp">
      <Filter>Source Files\Enemies</Filter>
    </ClCompile>
    <ClCompile Include="Enemy.cpp">
      <Filter>Source Files\Enemies</Filter>
    </ClCompile>
    <ClCompile Include="AI.cpp">
      <Filter>Source Files\AI</Filter>
    </ClCompile>
    <ClCompile Include="Layer.cpp">
      <Filter>Source Files\Level Design</Filter>
    </ClCompile>
  </ItemGroup>
  <ItemGroup>
    <ClInclude Include="Level.h">
      <Filter>Header Files\Level Design</Filter>
    </ClInclude>
    <ClInclude Include="Tileset.h">
      <Filter>Header Files\Level Design</Filter>
    </ClInclude>
    <ClInclude Include="CollisionObject.h">
      <Filter>Header Files\Level Design</Filter>
    </ClInclude>
    <ClInclude Include="GameConfiguration.h">
      <Filter>Header Files\Game Core</Filter>
    </ClInclude>
    <ClInclude Include="GameCore.h">
      <Filter>Header Files\Game Core</Filter>
    </ClInclude>
    <ClInclude Include="GameSaves.h">
      <Filter>Header Files\Game Core</Filter>
    </ClInclude>
    <ClInclude Include="GameScreen.h">
      <Filter>Header Files\Game Core</Filter>
    </ClInclude>
    <ClInclude Include="GameTimer.h">
      <Filter>Header Files\Game Core</Filter>
    </ClInclude>
    <ClInclude Include="Score.h">
      <Filter>Header Files\Game Core</Filter>
    </ClInclude>
    <ClInclude Include="GameState.h">
      <Filter>Header Files\Game States</Filter>
    </ClInclude>
    <ClInclude Include="SMainMenu.h">
      <Filter>Header Files\Game States</Filter>
    </ClInclude>
    <ClInclude Include="SLevelOneJapan.h">
      <Filter>Header Files\Game States</Filter>
    </ClInclude>
    <ClInclude Include="MeerkatP2.h">
      <Filter>Header Files\Player</Filter>
    </ClInclude>
    <ClInclude Include="Player.h">
      <Filter>Header Files\Player</Filter>
    </ClInclude>
    <ClInclude Include="PandaP1.h">
      <Filter>Header Files\Player</Filter>
    </ClInclude>
    <ClInclude Include="Stats.h">
      <Filter>Header Files\Player</Filter>
    </ClInclude>
    <ClInclude Include="Sprite.h">
      <Filter>Header Files\Graphics</Filter>
    </ClInclude>
    <ClInclude Include="Weapon.h">
      <Filter>Header Files\Weapons</Filter>
    </ClInclude>
    <ClInclude Include="Spear.h">
      <Filter>Header Files\Weapons</Filter>
    </ClInclude>
    <ClInclude Include="Sword.h">
      <Filter>Header Files\Weapons</Filter>
    </ClInclude>
    <ClInclude Include="Enemy.h">
      <Filter>Header Files\Enemies</Filter>
    </ClInclude>
    <ClInclude Include="JapaneseMonkey.h">
      <Filter>Header Files\Enemies</Filter>
    </ClInclude>
    <ClInclude Include="AI.h">
      <Filter>Header Files\AI</Filter>
    </ClInclude>
    <ClInclude Include="Layer.h">
      <Filter>Header Files\Level Design</Filter>
    </ClInclude>
  </ItemGroup>
  <ItemGroup>
    <None Include="x.png">
      <Filter>Resource Files</Filter>
    </None>
    <None Include="y.png">
      <Filter>Resource Files</Filter>
    </None>
    <None Include="imagen.png">
      <Filter>Resource Files</Filter>
    </None>
  </ItemGroup>
</Project>